
Microsoft Visual Studio Solution File, Format Version 12.00
Project("{FAE04EC0-301F-11D3-BF4B-00C04F79EFBC}") = "FlowUpEntryTest.RESTService", "FlowUpEntryTest.RESTService\FlowUpEntryTest.RESTService.csproj", "{253C43FF-E486-4C8C-B921-5A320A365CBC}"
EndProject
Project("{FAE04EC0-301F-11D3-BF4B-00C04F79EFBC}") = "FlowUpEntryTest.Abstractions", "FlowUpEntryTest.Abstractions\FlowUpEntryTest.Abstractions.csproj", "{A466DBEA-2403-493E-B328-ACA71FDD8EB4}"
EndProject
Project("{FAE04EC0-301F-11D3-BF4B-00C04F79EFBC}") = "FlowUpEntryTest.Data", "FlowUpEntryTest.Data\FlowUpEntryTest.Data.csproj", "{D1F092E3-064C-4226-A258-18FC3B85C84D}"
EndProject
Project("{2150E333-8FDC-42A3-9474-1A3956D46DE8}") = "Tests", "Tests", "{DD80BA9E-3B77-494C-8AED-7ECBD2830798}"
EndProject
Project("{FAE04EC0-301F-11D3-BF4B-00C04F79EFBC}") = "PseudoUnitTests", "PseudoUnitTests\PseudoUnitTests.csproj", "{A08E1123-0435-4699-A901-37F293EFBFCA}"
EndProject
Project("{FAE04EC0-301F-11D3-BF4B-00C04F79EFBC}") = "FlowUpEntryTest.Utils", "FlowUpEntryTest.Utils\FlowUpEntryTest.Utils.csproj", "{3771BC25-837A-43CA-B39C-292D76C0874F}"
EndProject
Project("{FAE04EC0-301F-11D3-BF4B-00C04F79EFBC}") = "EndToEndTests", "EndToEndTests\EndToEndTests.csproj", "{B004F1E2-BF40-4603-BC02-4B79D34C7E6C}"
EndProject
Global
	GlobalSection(SolutionConfigurationPlatforms) = preSolution
		Debug|Any CPU = Debug|Any CPU
		Release|Any CPU = Release|Any CPU
	EndGlobalSection
	GlobalSection(ProjectConfigurationPlatforms) = postSolution
		{253C43FF-E486-4C8C-B921-5A320A365CBC}.Debug|Any CPU.ActiveCfg = Debug|Any CPU
		{253C43FF-E486-4C8C-B921-5A320A365CBC}.Debug|Any CPU.Build.0 = Debug|Any CPU
		{253C43FF-E486-4C8C-B921-5A320A365CBC}.Release|Any CPU.ActiveCfg = Release|Any CPU
		{253C43FF-E486-4C8C-B921-5A320A365CBC}.Release|Any CPU.Build.0 = Release|Any CPU
		{A466DBEA-2403-493E-B328-ACA71FDD8EB4}.Debug|Any CPU.ActiveCfg = Debug|Any CPU
		{A466DBEA-2403-493E-B328-ACA71FDD8EB4}.Debug|Any CPU.Build.0 = Debug|Any CPU
		{A466DBEA-2403-493E-B328-ACA71FDD8EB4}.Release|Any CPU.ActiveCfg = Release|Any CPU
		{A466DBEA-2403-493E-B328-ACA71FDD8EB4}.Release|Any CPU.Build.0 = Release|Any CPU
		{D1F092E3-064C-4226-A258-18FC3B85C84D}.Debug|Any CPU.ActiveCfg = Debug|Any CPU
		{D1F092E3-064C-4226-A258-18FC3B85C84D}.Debug|Any CPU.Build.0 = Debug|Any CPU
		{D1F092E3-064C-4226-A258-18FC3B85C84D}.Release|Any CPU.ActiveCfg = Release|Any CPU
		{D1F092E3-064C-4226-A258-18FC3B85C84D}.Release|Any CPU.Build.0 = Release|Any CPU
		{A08E1123-0435-4699-A901-37F293EFBFCA}.Debug|Any CPU.ActiveCfg = Debug|Any CPU
		{A08E1123-0435-4699-A901-37F293EFBFCA}.Debug|Any CPU.Build.0 = Debug|Any CPU
		{A08E1123-0435-4699-A901-37F293EFBFCA}.Release|Any CPU.ActiveCfg = Release|Any CPU
		{A08E1123-0435-4699-A901-37F293EFBFCA}.Release|Any CPU.Build.0 = Release|Any CPU
		{3771BC25-837A-43CA-B39C-292D76C0874F}.Debug|Any CPU.ActiveCfg = Debug|Any CPU
		{3771BC25-837A-43CA-B39C-292D76C0874F}.Debug|Any CPU.Build.0 = Debug|Any CPU
		{3771BC25-837A-43CA-B39C-292D76C0874F}.Release|Any CPU.ActiveCfg = Release|Any CPU
		{3771BC25-837A-43CA-B39C-292D76C0874F}.Release|Any CPU.Build.0 = Release|Any CPU
		{B004F1E2-BF40-4603-BC02-4B79D34C7E6C}.Debug|Any CPU.ActiveCfg = Debug|Any CPU
		{B004F1E2-BF40-4603-BC02-4B79D34C7E6C}.Debug|Any CPU.Build.0 = Debug|Any CPU
		{B004F1E2-BF40-4603-BC02-4B79D34C7E6C}.Release|Any CPU.ActiveCfg = Release|Any CPU
		{B004F1E2-BF40-4603-BC02-4B79D34C7E6C}.Release|Any CPU.Build.0 = Release|Any CPU
	EndGlobalSection
	GlobalSection(NestedProjects) = preSolution
		{A08E1123-0435-4699-A901-37F293EFBFCA} = {DD80BA9E-3B77-494C-8AED-7ECBD2830798}
		{B004F1E2-BF40-4603-BC02-4B79D34C7E6C} = {DD80BA9E-3B77-494C-8AED-7ECBD2830798}
	EndGlobalSection
EndGlobal
